
Microsoft Visual Studio Solution File, Format Version 12.00
# Visual Studio Version 17
VisualStudioVersion = 17.5.002.0
MinimumVisualStudioVersion = 10.0.40219.1
Project("{9A19103F-16F7-4668-BE54-9A1E7A4F7556}") = "HomeWork6", "HomeWork6.csproj", "{FE9A2F81-4F56-4738-B540-A441DA5BB811}"
EndProject
Global
	GlobalSection(SolutionConfigurationPlatforms) = preSolution
		Debug|Any CPU = Debug|Any CPU
		Release|Any CPU = Release|Any CPU
	EndGlobalSection
	GlobalSection(ProjectConfigurationPlatforms) = postSolution
		{FE9A2F81-4F56-4738-B540-A441DA5BB811}.Debug|Any CPU.ActiveCfg = Debug|Any CPU
		{FE9A2F81-4F56-4738-B540-A441DA5BB811}.Debug|Any CPU.Build.0 = Debug|Any CPU
		{FE9A2F81-4F56-4738-B540-A441DA5BB811}.Release|Any CPU.ActiveCfg = Release|Any CPU
		{FE9A2F81-4F56-4738-B540-A441DA5BB811}.Release|Any CPU.Build.0 = Release|Any CPU
	EndGlobalSection
	GlobalSection(SolutionProperties) = preSolution
		HideSolutionNode = FALSE
	EndGlobalSection
	GlobalSection(ExtensibilityGlobals) = postSolution
		SolutionGuid = {015A8D76-D4F3-4B88-9275-8242CF4F803C}
	EndGlobalSection
EndGlobal
